// !$*UTF8*$!
{
	archiveVersion = 1;
	classes = {
	};
	objectVersion = 50;
	objects = {

/* Begin PBXBuildFile section */
		607AD6EF25C43580002952AF /* AppDelegate.m in Sources */ = {isa = PBXBuildFile; fileRef = 607AD6EE25C43580002952AF /* AppDelegate.m */; };
		607AD6F225C43580002952AF /* SceneDelegate.m in Sources */ = {isa = PBXBuildFile; fileRef = 607AD6F125C43580002952AF /* SceneDelegate.m */; };
		607AD6F525C43580002952AF /* ViewController.m in Sources */ = {isa = PBXBuildFile; fileRef = 607AD6F425C43580002952AF /* ViewController.m */; };
		607AD6F825C43580002952AF /* Main.storyboard in Resources */ = {isa = PBXBuildFile; fileRef = 607AD6F625C43580002952AF /* Main.storyboard */; };
		607AD6FA25C43582002952AF /* Assets.xcassets in Resources */ = {isa = PBXBuildFile; fileRef = 607AD6F925C43582002952AF /* Assets.xcassets */; };
		607AD6FD25C43582002952AF /* LaunchScreen.storyboard in Resources */ = {isa = PBXBuildFile; fileRef = 607AD6FB25C43582002952AF /* LaunchScreen.storyboard */; };
		607AD70025C43582002952AF /* main.m in Sources */ = {isa = PBXBuildFile; fileRef = 607AD6FF25C43582002952AF /* main.m */; };
/* End PBXBuildFile section */

/* Begin PBXFileReference section */
		607AD6EA25C43580002952AF /* GitHub Hello.app */ = {isa = PBXFileReference; explicitFileType = wrapper.application; includeInIndex = 0; path = "GitHub Hello.app"; sourceTree = BUILT_PRODUCTS_DIR; };
		607AD6ED25C43580002952AF /* AppDelegate.h */ = {isa = PBXFileReference; lastKnownFileType = sourcecode.c.h; path = AppDelegate.h; sourceTree = "<group>"; };
		607AD6EE25C43580002952AF /* AppDelegate.m */ = {isa = PBXFileReference; lastKnownFileType = sourcecode.c.objc; path = AppDelegate.m; sourceTree = "<group>"; };
		607AD6F025C43580002952AF /* SceneDelegate.h */ = {isa = PBXFileReference; lastKnownFileType = sourcecode.c.h; path = SceneDelegate.h; sourceTree = "<group>"; };
		607AD6F125C43580002952AF /* SceneDelegate.m */ = {isa = PBXFileReference; lastKnownFileType = sourcecode.c.objc; path = SceneDelegate.m; sourceTree = "<group>"; };
		607AD6F325C43580002952AF /* ViewController.h */ = {isa = PBXFileReference; lastKnownFileType = sourcecode.c.h; path = ViewController.h; sourceTree = "<group>"; };
		607AD6F425C43580002952AF /* ViewController.m */ = {isa = PBXFileReference; lastKnownFileType = sourcecode.c.objc; path = ViewController.m; sourceTree = "<group>"; };
		607AD6F725C43580002952AF /* Base */ = {isa = PBXFileReference; lastKnownFileType = file.storyboard; name = Base; path = Base.lproj/Main.storyboard; sourceTree = "<group>"; };
		607AD6F925C43582002952AF /* Assets.xcassets */ = {isa = PBXFileReference; lastKnownFileType = folder.assetcatalog; path = Assets.xcassets; sourceTree = "<group>"; };
		607AD6FC25C43582002952AF /* Base */ = {isa = PBXFileReference; lastKnownFileType = file.storyboard; name = Base; path = Base.lproj/LaunchScreen.storyboard; sourceTree = "<group>"; };
		607AD6FE25C43582002952AF /* Info.plist */ = {isa = PBXFileReference; lastKnownFileType = text.plist.xml; path = Info.plist; sourceTree = "<group>"; };
		607AD6FF25C43582002952AF /* main.m */ = {isa = PBXFileReference; lastKnownFileType = sourcecode.c.objc; path = main.m; sourceTree = "<group>"; };
/* End PBXFileReference section */

/* Begin PBXFrameworksBuildPhase section */
		607AD6E725C43580002952AF /* Frameworks */ = {
			isa = PBXFrameworksBuildPhase;
			buildActionMask = 2147483647;
			files = (
			);
			runOnlyForDeploymentPostprocessing = 0;
		};
/* End PBXFrameworksBuildPhase section */

/* Begin PBXGroup section */
		607AD6E125C43580002952AF = {
			isa = PBXGroup;
			children = (
				607AD6EC25C43580002952AF /* GitHub Hello */,
				607AD6EB25C43580002952AF /* Products */,
			);
			sourceTree = "<group>";
		};
		607AD6EB25C43580002952AF /* Products */ = {
			isa = PBXGroup;
			children = (
				607AD6EA25C43580002952AF /* GitHub Hello.app */,
			);
			name = Products;
			sourceTree = "<group>";
		};
		607AD6EC25C43580002952AF /* GitHub Hello */ = {
			isa = PBXGroup;
			children = (
				607AD6ED25C43580002952AF /* AppDelegate.h */,
				607AD6EE25C43580002952AF /* AppDelegate.m */,
				607AD6F025C43580002952AF /* SceneDelegate.h */,
				607AD6F125C43580002952AF /* SceneDelegate.m */,
				607AD6F325C43580002952AF /* ViewController.h */,
				607AD6F425C43580002952AF /* ViewController.m */,
				607AD6F625C43580002952AF /* Main.storyboard */,
				607AD6F925C43582002952AF /* Assets.xcassets */,
				607AD6FB25C43582002952AF /* LaunchScreen.storyboard */,
				607AD6FE25C43582002952AF /* Info.plist */,
				607AD6FF25C43582002952AF /* main.m */,
			);
			path = "GitHub Hello";
			sourceTree = "<group>";
		};
/* End PBXGroup section */

/* Begin PBXNativeTarget section */
		607AD6E925C43580002952AF /* GitHub Hello */ = {
			isa = PBXNativeTarget;
			buildConfigurationList = 607AD70325C43582002952AF /* Build configuration list for PBXNativeTarget "GitHub Hello" */;
			buildPhases = (
				607AD6E625C43580002952AF /* Sources */,
				607AD6E725C43580002952AF /* Frameworks */,
				607AD6E825C43580002952AF /* Resources */,
			);
			buildRules = (
			);
			dependencies = (
			);
			name = "GitHub Hello";
			productName = "GitHub Hello";
			productReference = 607AD6EA25C43580002952AF /* GitHub Hello.app */;
			productType = "com.apple.product-type.application";
		};
/* End PBXNativeTarget section */

/* Begin PBXProject section */
		607AD6E225C43580002952AF /* Project object */ = {
			isa = PBXProject;
			attributes = {
				LastUpgradeCheck = 1230;
				TargetAttributes = {
					607AD6E925C43580002952AF = {
						CreatedOnToolsVersion = 12.3;
					};
				};
			};
			buildConfigurationList = 607AD6E525C43580002952AF /* Build configuration list for PBXProject "GitHub Hello" */;
			compatibilityVersion = "Xcode 9.3";
			developmentRegion = en;
			hasScannedForEncodings = 0;
			knownRegions = (
				en,
				Base,
			);
			mainGroup = 607AD6E125C43580002952AF;
			productRefGroup = 607AD6EB25C43580002952AF /* Products */;
			projectDirPath = "";
			projectRoot = "";
			targets = (
				607AD6E925C43580002952AF /* GitHub Hello */,
			);
		};
/* End PBXProject section */

/* Begin PBXResourcesBuildPhase section */
		607AD6E825C43580002952AF /* Resources */ = {
			isa = PBXResourcesBuildPhase;
			buildActionMask = 2147483647;
			files = (
				607AD6FD25C43582002952AF /* LaunchScreen.storyboard in Resources */,
				607AD6FA25C43582002952AF /* Assets.xcassets in Resources */,
				607AD6F825C43580002952AF /* Main.storyboard in Resources */,
			);
			runOnlyForDeploymentPostprocessing = 0;
		};
/* End PBXResourcesBuildPhase section */

/* Begin PBXSourcesBuildPhase section */
		607AD6E625C43580002952AF /* Sources */ = {
			isa = PBXSourcesBuildPhase;
			buildActionMask = 2147483647;
			files = (
				607AD6F525C43580002952AF /* ViewController.m in Sources */,
				607AD6EF25C43580002952AF /* AppDelegate.m in Sources */,
				607AD70025C43582002952AF /* main.m in Sources */,
				607AD6F225C43580002952AF /* SceneDelegate.m in Sources */,
			);
			runOnlyForDeploymentPostprocessing = 0;
		};
/* End PBXSourcesBuildPhase section */

/* Begin PBXVariantGroup section */
		607AD6F625C43580002952AF /* Main.storyboard */ = {
			isa = PBXVariantGroup;
			children = (
				607AD6F725C43580002952AF /* Base */,
			);
			name = Main.storyboard;
			sourceTree = "<group>";
		};
		607AD6FB25C43582002952AF /* LaunchScreen.storyboard */ = {
			isa = PBXVariantGroup;
			children = (
				607AD6FC25C43582002952AF /* Base */,
			);
			name = LaunchScreen.storyboard;
			sourceTree = "<group>";
		};
/* End PBXVariantGroup section */

/* Begin XCBuildConfiguration section */
		607AD70125C43582002952AF /* Debug */ = {
			isa = XCBuildConfiguration;
			buildSettings = {
				ALWAYS_SEARCH_USER_PATHS = NO;
				CLANG_ANALYZER_NONNULL = YES;
				CLANG_ANALYZER_NUMBER_OBJECT_CONVERSION = YES_AGGRESSIVE;
				CLANG_CXX_LANGUAGE_STANDARD = "gnu++14";
				CLANG_CXX_LIBRARY = "libc++";
				CLANG_ENABLE_MODULES = YES;
				CLANG_ENABLE_OBJC_ARC = YES;
				CLANG_ENABLE_OBJC_WEAK = YES;
				CLANG_WARN_BLOCK_CAPTURE_AUTORELEASING = YES;
				CLANG_WARN_BOOL_CONVERSION = YES;
				CLANG_WARN_COMMA = YES;
				CLANG_WARN_CONSTANT_CONVERSION = YES;
				CLANG_WARN_DEPRECATED_OBJC_IMPLEMENTATIONS = YES;
				CLANG_WARN_DIRECT_OBJC_ISA_USAGE = YES_ERROR;
				CLANG_WARN_DOCUMENTATION_COMMENTS = YES;
				CLANG_WARN_EMPTY_BODY = YES;
				CLANG_WARN_ENUM_CONVERSION = YES;
				CLANG_WARN_INFINITE_RECURSION = YES;
				CLANG_WARN_INT_CONVERSION = YES;
				CLANG_WARN_NON_LITERAL_NULL_CONVERSION = YES;
				CLANG_WARN_OBJC_IMPLICIT_RETAIN_SELF = YES;
				CLANG_WARN_OBJC_LITERAL_CONVERSION = YES;
				CLANG_WARN_OBJC_ROOT_CLASS = YES_ERROR;
				CLANG_WARN_QUOTED_INCLUDE_IN_FRAMEWORK_HEADER = YES;
				CLANG_WARN_RANGE_LOOP_ANALYSIS = YES;
				CLANG_WARN_STRICT_PROTOTYPES = YES;
				CLANG_WARN_SUSPICIOUS_MOVE = YES;
				CLANG_WARN_UNGUARDED_AVAILABILITY = YES_AGGRESSIVE;
				CLANG_WARN_UNREACHABLE_CODE = YES;
				CLANG_WARN__DUPLICATE_METHOD_MATCH = YES;
				COPY_PHASE_STRIP = NO;
				DEBUG_INFORMATION_FORMAT = dwarf;
				ENABLE_STRICT_OBJC_MSGSEND = YES;
				ENABLE_TESTABILITY = YES;
				GCC_C_LANGUAGE_STANDARD = gnu11;
				GCC_DYNAMIC_NO_PIC = NO;
				GCC_NO_COMMON_BLOCKS = YES;
				GCC_OPTIMIZATION_LEVEL = 0;
				GCC_PREPROCESSOR_DEFINITIONS = (
					"DEBUG=1",
					"$(inherited)",
				);
				GCC_WARN_64_TO_32_BIT_CONVERSION = YES;
				GCC_WARN_ABOUT_RETURN_TYPE = YES_ERROR;
				GCC_WARN_UNDECLARED_SELECTOR = YES;
				GCC_WARN_UNINITIALIZED_AUTOS = YES_AGGRESSIVE;
				GCC_WARN_UNUSED_FUNCTION = YES;
				GCC_WARN_UNUSED_VARIABLE = YES;
				IPHONEOS_DEPLOYMENT_TARGET = 14.3;
				MTL_ENABLE_DEBUG_INFO = INCLUDE_SOURCE;
				MTL_FAST_MATH = YES;
				ONLY_ACTIVE_ARCH = YES;
				SDKROOT = iphoneos;
			};
			name = Debug;
		};
		607AD70225C43582002952AF /* Release */ = {
			isa = XCBuildConfiguration;
			buildSettings = {
				ALWAYS_SEARCH_USER_PATHS = NO;
				CLANG_ANALYZER_NONNULL = YES;
				CLANG_ANALYZER_NUMBER_OBJECT_CONVERSION = YES_AGGRESSIVE;
				CLANG_CXX_LANGUAGE_STANDARD = "gnu++14";
				CLANG_CXX_LIBRARY = "libc++";
				CLANG_ENABLE_MODULES = YES;
				CLANG_ENABLE_OBJC_ARC = YES;
				CLANG_ENABLE_OBJC_WEAK = YES;
				CLANG_WARN_BLOCK_CAPTURE_AUTORELEASING = YES;
				CLANG_WARN_BOOL_CONVERSION = YES;
				CLANG_WARN_COMMA = YES;
				CLANG_WARN_CONSTANT_CONVERSION = YES;
				CLANG_WARN_DEPRECATED_OBJC_IMPLEMENTATIONS = YES;
				CLANG_WARN_DIRECT_OBJC_ISA_USAGE = YES_ERROR;
				CLANG_WARN_DOCUMENTATION_COMMENTS = YES;
				CLANG_WARN_EMPTY_BODY = YES;
				CLANG_WARN_ENUM_CONVERSION = YES;
				CLANG_WARN_INFINITE_RECURSION = YES;
				CLANG_WARN_INT_CONVERSION = YES;
				CLANG_WARN_NON_LITERAL_NULL_CONVERSION = YES;
				CLANG_WARN_OBJC_IMPLICIT_RETAIN_SELF = YES;
				CLANG_WARN_OBJC_LITERAL_CONVERSION = YES;
				CLANG_WARN_OBJC_ROOT_CLASS = YES_ERROR;
				CLANG_WARN_QUOTED_INCLUDE_IN_FRAMEWORK_HEADER = YES;
				CLANG_WARN_RANGE_LOOP_ANALYSIS = YES;
				CLANG_WARN_STRICT_PROTOTYPES = YES;
				CLANG_WARN_SUSPICIOUS_MOVE = YES;
				CLANG_WARN_UNGUARDED_AVAILABILITY = YES_AGGRESSIVE;
				CLANG_WARN_UNREACHABLE_CODE = YES;
				CLANG_WARN__DUPLICATE_METHOD_MATCH = YES;
				COPY_PHASE_STRIP = NO;
				DEBUG_INFORMATION_FORMAT = "dwarf-with-dsym";
				ENABLE_NS_ASSERTIONS = NO;
				ENABLE_STRICT_OBJC_MSGSEND = YES;
				GCC_C_LANGUAGE_STANDARD = gnu11;
				GCC_NO_COMMON_BLOCKS = YES;
				GCC_WARN_64_TO_32_BIT_CONVERSION = YES;
				GCC_WARN_ABOUT_RETURN_TYPE = YES_ERROR;
				GCC_WARN_UNDECLARED_SELECTOR = YES;
				GCC_WARN_UNINITIALIZED_AUTOS = YES_AGGRESSIVE;
				GCC_WARN_UNUSED_FUNCTION = YES;
				GCC_WARN_UNUSED_VARIABLE = YES;
				IPHONEOS_DEPLOYMENT_TARGET = 14.3;
				MTL_ENABLE_DEBUG_INFO = NO;
				MTL_FAST_MATH = YES;
				SDKROOT = iphoneos;
				VALIDATE_PRODUCT = YES;
			};
			name = Release;
		};
		607AD70425C43582002952AF /* Debug */ = {
			isa = XCBuildConfiguration;
			buildSettings = {
				ASSETCATALOG_COMPILER_APPICON_NAME = AppIcon;
				ASSETCATALOG_COMPILER_GLOBAL_ACCENT_COLOR_NAME = AccentColor;
				CODE_SIGN_STYLE = Automatic;
				DEVELOPMENT_TEAM = ZS382428Y9;
				INFOPLIST_FILE = "GitHub Hello/Info.plist";
				LD_RUNPATH_SEARCH_PATHS = (
					"$(inherited)",
					"@executable_path/Frameworks",
				);
				PRODUCT_BUNDLE_IDENTIFIER = "com.tongyong.newida.GitHub-Hello";
				PRODUCT_NAME = "$(TARGET_NAME)";
				TARGETED_DEVICE_FAMILY = "1,2";
			};
			name = Debug;
		};
		607AD70525C43582002952AF /* Release */ = {
			isa = XCBuildConfiguration;
			buildSettings = {
				ASSETCATALOG_COMPILER_APPICON_NAME = AppIcon;
				ASSETCATALOG_COMPILER_GLOBAL_ACCENT_COLOR_NAME = AccentColor;
				CODE_SIGN_STYLE = Automatic;
				DEVELOPMENT_TEAM = ZS382428Y9;
				INFOPLIST_FILE = "GitHub Hello/Info.plist";
				LD_RUNPATH_SEARCH_PATHS = (
					"$(inherited)",
					"@executable_path/Frameworks",
				);
				PRODUCT_BUNDLE_IDENTIFIER = "com.tongyong.newida.GitHub-Hello";
				PRODUCT_NAME = "$(TARGET_NAME)";
				TARGETED_DEVICE_FAMILY = "1,2";
			};
			name = Release;
		};
/* End XCBuildConfiguration section */

/* Begin XCConfigurationList section */
		607AD6E525C43580002952AF /* Build configuration list for PBXProject "GitHub Hello" */ = {
			isa = XCConfigurationList;
			buildConfigurations = (
				607AD70125C43582002952AF /* Debug */,
				607AD70225C43582002952AF /* Release */,
			);
			defaultConfigurationIsVisible = 0;
			defaultConfigurationName = Release;
		};
		607AD70325C43582002952AF /* Build configuration list for PBXNativeTarget "GitHub Hello" */ = {
			isa = XCConfigurationList;
			buildConfigurations = (
				607AD70425C43582002952AF /* Debug */,
				607AD70525C43582002952AF /* Release */,
			);
			defaultConfigurationIsVisible = 0;
			defaultConfigurationName = Release;
		};
/* End XCConfigurationList section */
	};
	rootObject = 607AD6E225C43580002952AF /* Project object */;
}
